// !$*UTF8*$!
{
	archiveVersion = 1;
	classes = {
	};
	objectVersion = 51;
	objects = {

/* Begin PBXBuildFile section */
		3B0DDD2623420C1600546A0D /* AppDelegate.swift in Sources */ = {isa = PBXBuildFile; fileRef = 3B0DDD2523420C1600546A0D /* AppDelegate.swift */; };
		3B0DDD2823420C1600546A0D /* ViewController.swift in Sources */ = {isa = PBXBuildFile; fileRef = 3B0DDD2723420C1600546A0D /* ViewController.swift */; };
		3B0DDD2B23420C1600546A0D /* Main.storyboard in Resources */ = {isa = PBXBuildFile; fileRef = 3B0DDD2923420C1600546A0D /* Main.storyboard */; };
		3B0DDD2D23420C1800546A0D /* Assets.xcassets in Resources */ = {isa = PBXBuildFile; fileRef = 3B0DDD2C23420C1800546A0D /* Assets.xcassets */; };
		3B0DDD3023420C1800546A0D /* LaunchScreen.storyboard in Resources */ = {isa = PBXBuildFile; fileRef = 3B0DDD2E23420C1800546A0D /* LaunchScreen.storyboard */; };
		3B849DC8234239C90028A1F6 /* BitcoinDataModel.swift in Sources */ = {isa = PBXBuildFile; fileRef = 3B849DC7234239C90028A1F6 /* BitcoinDataModel.swift */; };
		6BED4D4A57F80B19BD8CFDA6 /* Pods_BitcoinTicker.framework in Frameworks */ = {isa = PBXBuildFile; fileRef = D28AFA5DB3942497F1ED1BD8 /* Pods_BitcoinTicker.framework */; };
/* End PBXBuildFile section */

/* Begin PBXFileReference section */
		3B0DDD2223420C1600546A0D /* BitcoinTicker.app */ = {isa = PBXFileReference; explicitFileType = wrapper.application; includeInIndex = 0; path = BitcoinTicker.app; sourceTree = BUILT_PRODUCTS_DIR; };
		3B0DDD2523420C1600546A0D /* AppDelegate.swift */ = {isa = PBXFileReference; lastKnownFileType = sourcecode.swift; path = AppDelegate.swift; sourceTree = "<group>"; };
		3B0DDD2723420C1600546A0D /* ViewController.swift */ = {isa = PBXFileReference; lastKnownFileType = sourcecode.swift; path = ViewController.swift; sourceTree = "<group>"; };
		3B0DDD2A23420C1600546A0D /* Base */ = {isa = PBXFileReference; lastKnownFileType = file.storyboard; name = Base; path = Base.lproj/Main.storyboard; sourceTree = "<group>"; };
		3B0DDD2C23420C1800546A0D /* Assets.xcassets */ = {isa = PBXFileReference; lastKnownFileType = folder.assetcatalog; path = Assets.xcassets; sourceTree = "<group>"; };
		3B0DDD2F23420C1800546A0D /* Base */ = {isa = PBXFileReference; lastKnownFileType = file.storyboard; name = Base; path = Base.lproj/LaunchScreen.storyboard; sourceTree = "<group>"; };
		3B0DDD3123420C1800546A0D /* Info.plist */ = {isa = PBXFileReference; lastKnownFileType = text.plist.xml; path = Info.plist; sourceTree = "<group>"; };
		3B849DC7234239C90028A1F6 /* BitcoinDataModel.swift */ = {isa = PBXFileReference; lastKnownFileType = sourcecode.swift; path = BitcoinDataModel.swift; sourceTree = "<group>"; };
		5BDC1D8A400341D986D1BCF5 /* Pods-BitcoinTicker.debug.xcconfig */ = {isa = PBXFileReference; includeInIndex = 1; lastKnownFileType = text.xcconfig; name = "Pods-BitcoinTicker.debug.xcconfig"; path = "Target Support Files/Pods-BitcoinTicker/Pods-BitcoinTicker.debug.xcconfig"; sourceTree = "<group>"; };
		B9228A45F0B5F939375F34D2 /* Pods-BitcoinTicker.release.xcconfig */ = {isa = PBXFileReference; includeInIndex = 1; lastKnownFileType = text.xcconfig; name = "Pods-BitcoinTicker.release.xcconfig"; path = "Target Support Files/Pods-BitcoinTicker/Pods-BitcoinTicker.release.xcconfig"; sourceTree = "<group>"; };
		D28AFA5DB3942497F1ED1BD8 /* Pods_BitcoinTicker.framework */ = {isa = PBXFileReference; explicitFileType = wrapper.framework; includeInIndex = 0; path = Pods_BitcoinTicker.framework; sourceTree = BUILT_PRODUCTS_DIR; };
/* End PBXFileReference section */

/* Begin PBXFrameworksBuildPhase section */
		3B0DDD1F23420C1600546A0D /* Frameworks */ = {
			isa = PBXFrameworksBuildPhase;
			buildActionMask = 2147483647;
			files = (
				6BED4D4A57F80B19BD8CFDA6 /* Pods_BitcoinTicker.framework in Frameworks */,
			);
			runOnlyForDeploymentPostprocessing = 0;
		};
/* End PBXFrameworksBuildPhase section */

/* Begin PBXGroup section */
		3B0DDD1923420C1600546A0D = {
			isa = PBXGroup;
			children = (
				3B0DDD2423420C1600546A0D /* BitcoinTicker */,
				3B0DDD2323420C1600546A0D /* Products */,
				FAB842FFC4694F681B37C446 /* Pods */,
				8E4C552ADF5E05A421158916 /* Frameworks */,
			);
			sourceTree = "<group>";
		};
		3B0DDD2323420C1600546A0D /* Products */ = {
			isa = PBXGroup;
			children = (
				3B0DDD2223420C1600546A0D /* BitcoinTicker.app */,
			);
			name = Products;
			sourceTree = "<group>";
		};
		3B0DDD2423420C1600546A0D /* BitcoinTicker */ = {
			isa = PBXGroup;
			children = (
				3B0DDD2523420C1600546A0D /* AppDelegate.swift */,
				3B0DDD2723420C1600546A0D /* ViewController.swift */,
				3B0DDD2923420C1600546A0D /* Main.storyboard */,
				3B0DDD2C23420C1800546A0D /* Assets.xcassets */,
				3B0DDD2E23420C1800546A0D /* LaunchScreen.storyboard */,
				3B0DDD3123420C1800546A0D /* Info.plist */,
				3B849DC7234239C90028A1F6 /* BitcoinDataModel.swift */,
			);
			path = BitcoinTicker;
			sourceTree = "<group>";
		};
		8E4C552ADF5E05A421158916 /* Frameworks */ = {
			isa = PBXGroup;
			children = (
				D28AFA5DB3942497F1ED1BD8 /* Pods_BitcoinTicker.framework */,
			);
			name = Frameworks;
			sourceTree = "<group>";
		};
		FAB842FFC4694F681B37C446 /* Pods */ = {
			isa = PBXGroup;
			children = (
				5BDC1D8A400341D986D1BCF5 /* Pods-BitcoinTicker.debug.xcconfig */,
				B9228A45F0B5F939375F34D2 /* Pods-BitcoinTicker.release.xcconfig */,
			);
			path = Pods;
			sourceTree = "<group>";
		};
/* End PBXGroup section */

/* Begin PBXNativeTarget section */
		3B0DDD2123420C1600546A0D /* BitcoinTicker */ = {
			isa = PBXNativeTarget;
			buildConfigurationList = 3B0DDD3423420C1800546A0D /* Build configuration list for PBXNativeTarget "BitcoinTicker" */;
			buildPhases = (
				6E3774699ABC327BB004CE08 /* [CP] Check Pods Manifest.lock */,
				3B0DDD1E23420C1600546A0D /* Sources */,
				3B0DDD1F23420C1600546A0D /* Frameworks */,
				3B0DDD2023420C1600546A0D /* Resources */,
				450BB32E09CE476E0B5CC9AF /* [CP] Embed Pods Frameworks */,
			);
			buildRules = (
			);
			dependencies = (
			);
			name = BitcoinTicker;
			productName = BitcoinTicker;
			productReference = 3B0DDD2223420C1600546A0D /* BitcoinTicker.app */;
			productType = "com.apple.product-type.application";
		};
/* End PBXNativeTarget section */

/* Begin PBXProject section */
		3B0DDD1A23420C1600546A0D /* Project object */ = {
			isa = PBXProject;
			attributes = {
				LastSwiftUpdateCheck = 1020;
				LastUpgradeCheck = 1020;
				ORGANIZATIONNAME = Mostafa;
				TargetAttributes = {
					3B0DDD2123420C1600546A0D = {
						CreatedOnToolsVersion = 10.2;
					};
				};
			};
			buildConfigurationList = 3B0DDD1D23420C1600546A0D /* Build configuration list for PBXProject "BitcoinTicker" */;
			compatibilityVersion = "Xcode 9.3";
			developmentRegion = en;
			hasScannedForEncodings = 0;
			knownRegions = (
				en,
				Base,
			);
			mainGroup = 3B0DDD1923420C1600546A0D;
			productRefGroup = 3B0DDD2323420C1600546A0D /* Products */;
			projectDirPath = "";
			projectRoot = "";
			targets = (
				3B0DDD2123420C1600546A0D /* BitcoinTicker */,
			);
		};
/* End PBXProject section */

/* Begin PBXResourcesBuildPhase section */
		3B0DDD2023420C1600546A0D /* Resources */ = {
			isa = PBXResourcesBuildPhase;
			buildActionMask = 2147483647;
			files = (
				3B0DDD3023420C1800546A0D /* LaunchScreen.storyboard in Resources */,
				3B0DDD2D23420C1800546A0D /* Assets.xcassets in Resources */,
				3B0DDD2B23420C1600546A0D /* Main.storyboard in Resources */,
			);
			runOnlyForDeploymentPostprocessing = 0;
		};
/* End PBXResourcesBuildPhase section */

/* Begin PBXShellScriptBuildPhase section */
		450BB32E09CE476E0B5CC9AF /* [CP] Embed Pods Frameworks */ = {
			isa = PBXShellScriptBuildPhase;
			buildActionMask = 2147483647;
			files = (
			);
			inputFileListPaths = (
				"${PODS_ROOT}/Target Support Files/Pods-BitcoinTicker/Pods-BitcoinTicker-frameworks-${CONFIGURATION}-input-files.xcfilelist",
			);
			name = "[CP] Embed Pods Frameworks";
			outputFileListPaths = (
				"${PODS_ROOT}/Target Support Files/Pods-BitcoinTicker/Pods-BitcoinTicker-frameworks-${CONFIGURATION}-output-files.xcfilelist",
			);
			runOnlyForDeploymentPostprocessing = 0;
			shellPath = /bin/sh;
			shellScript = "\"${PODS_ROOT}/Target Support Files/Pods-BitcoinTicker/Pods-BitcoinTicker-frameworks.sh\"\n";
			showEnvVarsInLog = 0;
		};
		6E3774699ABC327BB004CE08 /* [CP] Check Pods Manifest.lock */ = {
			isa = PBXShellScriptBuildPhase;
			buildActionMask = 2147483647;
			files = (
			);
			inputFileListPaths = (
			);
			inputPaths = (
				"${PODS_PODFILE_DIR_PATH}/Podfile.lock",
				"${PODS_ROOT}/Manifest.lock",
			);
			name = "[CP] Check Pods Manifest.lock";
			outputFileListPaths = (
			);
			outputPaths = (
				"$(DERIVED_FILE_DIR)/Pods-BitcoinTicker-checkManifestLockResult.txt",
			);
			runOnlyForDeploymentPostprocessing = 0;
			shellPath = /bin/sh;
			shellScript = "diff \"${PODS_PODFILE_DIR_PATH}/Podfile.lock\" \"${PODS_ROOT}/Manifest.lock\" > /dev/null\nif [ $? != 0 ] ; then\n    # print error to STDERR\n    echo \"error: The sandbox is not in sync with the Podfile.lock. Run 'pod install' or update your CocoaPods installation.\" >&2\n    exit 1\nfi\n# This output is used by Xcode 'outputs' to avoid re-running this script phase.\necho \"SUCCESS\" > \"${SCRIPT_OUTPUT_FILE_0}\"\n";
			showEnvVarsInLog = 0;
		};
/* End PBXShellScriptBuildPhase section */

/* Begin PBXSourcesBuildPhase section */
		3B0DDD1E23420C1600546A0D /* Sources */ = {
			isa = PBXSourcesBuildPhase;
			buildActionMask = 2147483647;
			files = (
				3B0DDD2823420C1600546A0D /* ViewController.swift in Sources */,
				3B0DDD2623420C1600546A0D /* AppDelegate.swift in Sources */,
				3B849DC8234239C90028A1F6 /* BitcoinDataModel.swift in Sources */,
			);
			runOnlyForDeploymentPostprocessing = 0;
		};
/* End PBXSourcesBuildPhase section */

/* Begin PBXVariantGroup section */
		3B0DDD2923420C1600546A0D /* Main.storyboard */ = {
			isa = PBXVariantGroup;
			children = (
				3B0DDD2A23420C1600546A0D /* Base */,
			);
			name = Main.storyboard;
			sourceTree = "<group>";
		};
		3B0DDD2E23420C1800546A0D /* LaunchScreen.storyboard */ = {
			isa = PBXVariantGroup;
			children = (
				3B0DDD2F23420C1800546A0D /* Base */,
			);
			name = LaunchScreen.storyboard;
			sourceTree = "<group>";
		};
/* End PBXVariantGroup section */

/* Begin XCBuildConfiguration section */
		3B0DDD3223420C1800546A0D /* Debug */ = {
			isa = XCBuildConfiguration;
			buildSettings = {
				ALWAYS_SEARCH_USER_PATHS = NO;
				CLANG_ANALYZER_NONNULL = YES;
				CLANG_ANALYZER_NUMBER_OBJECT_CONVERSION = YES_AGGRESSIVE;
				CLANG_CXX_LANGUAGE_STANDARD = "gnu++14";
				CLANG_CXX_LIBRARY = "libc++";
				CLANG_ENABLE_MODULES = YES;
				CLANG_ENABLE_OBJC_ARC = YES;
				CLANG_ENABLE_OBJC_WEAK = YES;
				CLANG_WARN_BLOCK_CAPTURE_AUTORELEASING = YES;
				CLANG_WARN_BOOL_CONVERSION = YES;
				CLANG_WARN_COMMA = YES;
				CLANG_WARN_CONSTANT_CONVERSION = YES;
				CLANG_WARN_DEPRECATED_OBJC_IMPLEMENTATIONS = YES;
				CLANG_WARN_DIRECT_OBJC_ISA_USAGE = YES_ERROR;
				CLANG_WARN_DOCUMENTATION_COMMENTS = YES;
				CLANG_WARN_EMPTY_BODY = YES;
				CLANG_WARN_ENUM_CONVERSION = YES;
				CLANG_WARN_INFINITE_RECURSION = YES;
				CLANG_WARN_INT_CONVERSION = YES;
				CLANG_WARN_NON_LITERAL_NULL_CONVERSION = YES;
				CLANG_WARN_OBJC_IMPLICIT_RETAIN_SELF = YES;
				CLANG_WARN_OBJC_LITERAL_CONVERSION = YES;
				CLANG_WARN_OBJC_ROOT_CLASS = YES_ERROR;
				CLANG_WARN_RANGE_LOOP_ANALYSIS = YES;
				CLANG_WARN_STRICT_PROTOTYPES = YES;
				CLANG_WARN_SUSPICIOUS_MOVE = YES;
				CLANG_WARN_UNGUARDED_AVAILABILITY = YES_AGGRESSIVE;
				CLANG_WARN_UNREACHABLE_CODE = YES;
				CLANG_WARN__DUPLICATE_METHOD_MATCH = YES;
				CODE_SIGN_IDENTITY = "iPhone Developer";
				COPY_PHASE_STRIP = NO;
				DEBUG_INFORMATION_FORMAT = dwarf;
				ENABLE_STRICT_OBJC_MSGSEND = YES;
				ENABLE_TESTABILITY = YES;
				GCC_C_LANGUAGE_STANDARD = gnu11;
				GCC_DYNAMIC_NO_PIC = NO;
				GCC_NO_COMMON_BLOCKS = YES;
				GCC_OPTIMIZATION_LEVEL = 0;
				GCC_PREPROCESSOR_DEFINITIONS = (
					"DEBUG=1",
					"$(inherited)",
				);
				GCC_WARN_64_TO_32_BIT_CONVERSION = YES;
				GCC_WARN_ABOUT_RETURN_TYPE = YES_ERROR;
				GCC_WARN_UNDECLARED_SELECTOR = YES;
				GCC_WARN_UNINITIALIZED_AUTOS = YES_AGGRESSIVE;
				GCC_WARN_UNUSED_FUNCTION = YES;
				GCC_WARN_UNUSED_VARIABLE = YES;
				IPHONEOS_DEPLOYMENT_TARGET = 12.2;
				MTL_ENABLE_DEBUG_INFO = INCLUDE_SOURCE;
				MTL_FAST_MATH = YES;
				ONLY_ACTIVE_ARCH = YES;
				SDKROOT = iphoneos;
				SWIFT_ACTIVE_COMPILATION_CONDITIONS = DEBUG;
				SWIFT_OPTIMIZATION_LEVEL = "-Onone";
			};
			name = Debug;
		};
		3B0DDD3323420C1800546A0D /* Release */ = {
			isa = XCBuildConfiguration;
			buildSettings = {
				ALWAYS_SEARCH_USER_PATHS = NO;
				CLANG_ANALYZER_NONNULL = YES;
				CLANG_ANALYZER_NUMBER_OBJECT_CONVERSION = YES_AGGRESSIVE;
				CLANG_CXX_LANGUAGE_STANDARD = "gnu++14";
				CLANG_CXX_LIBRARY = "libc++";
				CLANG_ENABLE_MODULES = YES;
				CLANG_ENABLE_OBJC_ARC = YES;
				CLANG_ENABLE_OBJC_WEAK = YES;
				CLANG_WARN_BLOCK_CAPTURE_AUTORELEASING = YES;
				CLANG_WARN_BOOL_CONVERSION = YES;
				CLANG_WARN_COMMA = YES;
				CLANG_WARN_CONSTANT_CONVERSION = YES;
				CLANG_WARN_DEPRECATED_OBJC_IMPLEMENTATIONS = YES;
				CLANG_WARN_DIRECT_OBJC_ISA_USAGE = YES_ERROR;
				CLANG_WARN_DOCUMENTATION_COMMENTS = YES;
				CLANG_WARN_EMPTY_BODY = YES;
				CLANG_WARN_ENUM_CONVERSION = YES;
				CLANG_WARN_INFINITE_RECURSION = YES;
				CLANG_WARN_INT_CONVERSION = YES;
				CLANG_WARN_NON_LITERAL_NULL_CONVERSION = YES;
				CLANG_WARN_OBJC_IMPLICIT_RETAIN_SELF = YES;
				CLANG_WARN_OBJC_LITERAL_CONVERSION = YES;
				CLANG_WARN_OBJC_ROOT_CLASS = YES_ERROR;
				CLANG_WARN_RANGE_LOOP_ANALYSIS = YES;
				CLANG_WARN_STRICT_PROTOTYPES = YES;
				CLANG_WARN_SUSPICIOUS_MOVE = YES;
				CLANG_WARN_UNGUARDED_AVAILABILITY = YES_AGGRESSIVE;
				CLANG_WARN_UNREACHABLE_CODE = YES;
				CLANG_WARN__DUPLICATE_METHOD_MATCH = YES;
				CODE_SIGN_IDENTITY = "iPhone Developer";
				COPY_PHASE_STRIP = NO;
				DEBUG_INFORMATION_FORMAT = "dwarf-with-dsym";
				ENABLE_NS_ASSERTIONS = NO;
				ENABLE_STRICT_OBJC_MSGSEND = YES;
				GCC_C_LANGUAGE_STANDARD = gnu11;
				GCC_NO_COMMON_BLOCKS = YES;
				GCC_WARN_64_TO_32_BIT_CONVERSION = YES;
				GCC_WARN_ABOUT_RETURN_TYPE = YES_ERROR;
				GCC_WARN_UNDECLARED_SELECTOR = YES;
				GCC_WARN_UNINITIALIZED_AUTOS = YES_AGGRESSIVE;
				GCC_WARN_UNUSED_FUNCTION = YES;
				GCC_WARN_UNUSED_VARIABLE = YES;
				IPHONEOS_DEPLOYMENT_TARGET = 12.2;
				MTL_ENABLE_DEBUG_INFO = NO;
				MTL_FAST_MATH = YES;
				SDKROOT = iphoneos;
				SWIFT_COMPILATION_MODE = wholemodule;
				SWIFT_OPTIMIZATION_LEVEL = "-O";
				VALIDATE_PRODUCT = YES;
			};
			name = Release;
		};
		3B0DDD3523420C1800546A0D /* Debug */ = {
			isa = XCBuildConfiguration;
			baseConfigurationReference = 5BDC1D8A400341D986D1BCF5 /* Pods-BitcoinTicker.debug.xcconfig */;
			buildSettings = {
				ASSETCATALOG_COMPILER_APPICON_NAME = AppIcon;
				CODE_SIGN_STYLE = Automatic;
				INFOPLIST_FILE = BitcoinTicker/Info.plist;
				LD_RUNPATH_SEARCH_PATHS = (
					"$(inherited)",
					"@executable_path/Frameworks",
				);
				PRODUCT_BUNDLE_IDENTIFIER = com.mostafa.BitcoinTicker;
				PRODUCT_NAME = "$(TARGET_NAME)";
				SWIFT_VERSION = 5.0;
				TARGETED_DEVICE_FAMILY = 1;
			};
			name = Debug;
		};
		3B0DDD3623420C1800546A0D /* Release */ = {
			isa = XCBuildConfiguration;
			baseConfigurationReference = B9228A45F0B5F939375F34D2 /* Pods-BitcoinTicker.release.xcconfig */;
			buildSettings = {
				ASSETCATALOG_COMPILER_APPICON_NAME = AppIcon;
				CODE_SIGN_STYLE = Automatic;
				INFOPLIST_FILE = BitcoinTicker/Info.plist;
				LD_RUNPATH_SEARCH_PATHS = (
					"$(inherited)",
					"@executable_path/Frameworks",
				);
				PRODUCT_BUNDLE_IDENTIFIER = com.mostafa.BitcoinTicker;
				PRODUCT_NAME = "$(TARGET_NAME)";
				SWIFT_VERSION = 5.0;
				TARGETED_DEVICE_FAMILY = 1;
			};
			name = Release;
		};
/* End XCBuildConfiguration section */

/* Begin XCConfigurationList section */
		3B0DDD1D23420C1600546A0D /* Build configuration list for PBXProject "BitcoinTicker" */ = {
			isa = XCConfigurationList;
			buildConfigurations = (
				3B0DDD3223420C1800546A0D /* Debug */,
				3B0DDD3323420C1800546A0D /* Release */,
			);
			defaultConfigurationIsVisible = 0;
			defaultConfigurationName = Release;
		};
		3B0DDD3423420C1800546A0D /* Build configuration list for PBXNativeTarget "BitcoinTicker" */ = {
			isa = XCConfigurationList;
			buildConfigurations = (
				3B0DDD3523420C1800546A0D /* Debug */,
				3B0DDD3623420C1800546A0D /* Release */,
			);
			defaultConfigurationIsVisible = 0;
			defaultConfigurationName = Release;
		};
/* End XCConfigurationList section */
	};
	rootObject = 3B0DDD1A23420C1600546A0D /* Project object */;
}
